
Microsoft Visual Studio Solution File, Format Version 12.00
Project("{FAE04EC0-301F-11D3-BF4B-00C04F79EFBC}") = "Commons.Music.SoundFontPlayer", "Commons.Music.SoundFontPlayer\Commons.Music.SoundFontPlayer.csproj", "{40270AA9-DEBD-4F31-8DBB-C7928EE04223}"
EndProject
Global
	GlobalSection(SolutionConfigurationPlatforms) = preSolution
		Debug|Any CPU = Debug|Any CPU
		Release|Any CPU = Release|Any CPU
	EndGlobalSection
	GlobalSection(ProjectConfigurationPlatforms) = postSolution
		{40270AA9-DEBD-4F31-8DBB-C7928EE04223}.Debug|Any CPU.ActiveCfg = Debug|Any CPU
		{40270AA9-DEBD-4F31-8DBB-C7928EE04223}.Debug|Any CPU.Build.0 = Debug|Any CPU
		{40270AA9-DEBD-4F31-8DBB-C7928EE04223}.Release|Any CPU.ActiveCfg = Release|Any CPU
		{40270AA9-DEBD-4F31-8DBB-C7928EE04223}.Release|Any CPU.Build.0 = Release|Any CPU
	EndGlobalSection
EndGlobal
